
Microsoft Visual Studio Solution File, Format Version 12.00
# Visual Studio Version 17
VisualStudioVersion = 17.8.34511.84
MinimumVisualStudioVersion = 10.0.40219.1
Project("{FAE04EC0-301F-11D3-BF4B-00C04F79EFBC}") = "MakeProfits.Backend", "MakeProfits.Backend\MakeProfits.Backend.csproj", "{B5F56EFC-6B38-4F73-A1C1-E8A74A8027A4}"
EndProject
Global
	GlobalSection(SolutionConfigurationPlatforms) = preSolution
		Debug|Any CPU = Debug|Any CPU
		Release|Any CPU = Release|Any CPU
	EndGlobalSection
	GlobalSection(ProjectConfigurationPlatforms) = postSolution
		{B5F56EFC-6B38-4F73-A1C1-E8A74A8027A4}.Debug|Any CPU.ActiveCfg = Debug|Any CPU
		{B5F56EFC-6B38-4F73-A1C1-E8A74A8027A4}.Debug|Any CPU.Build.0 = Debug|Any CPU
		{B5F56EFC-6B38-4F73-A1C1-E8A74A8027A4}.Release|Any CPU.ActiveCfg = Release|Any CPU
		{B5F56EFC-6B38-4F73-A1C1-E8A74A8027A4}.Release|Any CPU.Build.0 = Release|Any CPU
	EndGlobalSection
	GlobalSection(SolutionProperties) = preSolution
		HideSolutionNode = FALSE
	EndGlobalSection
	GlobalSection(ExtensibilityGlobals) = postSolution
		SolutionGuid = {BD6AE614-13E3-4335-A549-19D8DEAD002A}
	EndGlobalSection
EndGlobal
